# This file is autogenerated, do not edit; changes may be undone by the next 'dep ensure'.


[[projects]]
  branch = "master"
  name = "github.com/saintienn/go-spamc"
  packages = ["."]
  revision = "335a89337febdd74d46550afca70941af5ea4e41"

[[projects]]
  name = "github.com/spf13/pflag"
  packages = ["."]
  revision = "583c0c0531f06d5278b7d917446061adc344b5cd"
  version = "v1.0.1"

[solve-meta]
  analyzer-name = "dep"
  analyzer-version = 1
  inputs-digest = "889e0d70234026ee83785c2c5ad3fe4b5d96a17ce346186659cde9130e6c5c15"
  solver-name = "gps-cdcl"
  solver-version = 1
